// !$*UTF8*$!
{
	archiveVersion = 1;
	classes = {
	};
	objectVersion = 50;
	objects = {

/* Begin PBXBuildFile section */
		2AE030B3D67D8D143EFCF535 /* Pods_RecordNote.framework in Frameworks */ = {isa = PBXBuildFile; fileRef = A4FE0D4A231DE424D99399D9 /* Pods_RecordNote.framework */; };
		CC22F21F21B925B100E9D9CB /* TextViewController.swift in Sources */ = {isa = PBXBuildFile; fileRef = CC22F21E21B925B100E9D9CB /* TextViewController.swift */; };
		CC22F22321B927CF00E9D9CB /* ToDoTableViewController.swift in Sources */ = {isa = PBXBuildFile; fileRef = CC22F22221B927CF00E9D9CB /* ToDoTableViewController.swift */; };
		CC22F22521B9286100E9D9CB /* SettingViewController.swift in Sources */ = {isa = PBXBuildFile; fileRef = CC22F22421B9286100E9D9CB /* SettingViewController.swift */; };
		CC22F22721B92DF500E9D9CB /* AudioViewController.swift in Sources */ = {isa = PBXBuildFile; fileRef = CC22F22621B92DF500E9D9CB /* AudioViewController.swift */; };
		CC4CD7A821AB3C6700401DE1 /* AppDelegate.swift in Sources */ = {isa = PBXBuildFile; fileRef = CC4CD7A721AB3C6700401DE1 /* AppDelegate.swift */; };
		CC4CD7AA21AB3C6700401DE1 /* ViewController.swift in Sources */ = {isa = PBXBuildFile; fileRef = CC4CD7A921AB3C6700401DE1 /* ViewController.swift */; };
		CC4CD7AD21AB3C6700401DE1 /* Main.storyboard in Resources */ = {isa = PBXBuildFile; fileRef = CC4CD7AB21AB3C6700401DE1 /* Main.storyboard */; };
		CC4CD7B021AB3C6700401DE1 /* DataModel.xcdatamodeld in Sources */ = {isa = PBXBuildFile; fileRef = CC4CD7AE21AB3C6700401DE1 /* DataModel.xcdatamodeld */; };
		CC4CD7B221AB3C6800401DE1 /* Assets.xcassets in Resources */ = {isa = PBXBuildFile; fileRef = CC4CD7B121AB3C6800401DE1 /* Assets.xcassets */; };
		CC4CD7B521AB3C6800401DE1 /* LaunchScreen.storyboard in Resources */ = {isa = PBXBuildFile; fileRef = CC4CD7B321AB3C6800401DE1 /* LaunchScreen.storyboard */; };
		CC4CD7BF21AB3D4400401DE1 /* pop.framework in Frameworks */ = {isa = PBXBuildFile; fileRef = CC4CD7BE21AB3D4400401DE1 /* pop.framework */; };
		CC4CD7C821AB3D7300401DE1 /* ExampleBackgroundContentView.swift in Sources */ = {isa = PBXBuildFile; fileRef = CC4CD7C121AB3D7300401DE1 /* ExampleBackgroundContentView.swift */; };
		CC4CD7C921AB3D7300401DE1 /* ExampleBouncesContentView.swift in Sources */ = {isa = PBXBuildFile; fileRef = CC4CD7C221AB3D7300401DE1 /* ExampleBouncesContentView.swift */; };
		CC4CD7CA21AB3D7300401DE1 /* ExampleAnimateTipsContentView.swift in Sources */ = {isa = PBXBuildFile; fileRef = CC4CD7C321AB3D7300401DE1 /* ExampleAnimateTipsContentView.swift */; };
		CC4CD7CB21AB3D7300401DE1 /* ExampleBasicContentView.swift in Sources */ = {isa = PBXBuildFile; fileRef = CC4CD7C421AB3D7300401DE1 /* ExampleBasicContentView.swift */; };
		CC4CD7CC21AB3D7300401DE1 /* ExampleHighlightableContentView.swift in Sources */ = {isa = PBXBuildFile; fileRef = CC4CD7C521AB3D7300401DE1 /* ExampleHighlightableContentView.swift */; };
		CC4CD7CD21AB3D7300401DE1 /* ExampleTipsContentView.swift in Sources */ = {isa = PBXBuildFile; fileRef = CC4CD7C621AB3D7300401DE1 /* ExampleTipsContentView.swift */; };
		CC4CD7CE21AB3D7300401DE1 /* ExampleIrregularityContentView.swift in Sources */ = {isa = PBXBuildFile; fileRef = CC4CD7C721AB3D7300401DE1 /* ExampleIrregularityContentView.swift */; };
		CC4CD7D021AB3DF200401DE1 /* ExampleViewController.swift in Sources */ = {isa = PBXBuildFile; fileRef = CC4CD7CF21AB3DF200401DE1 /* ExampleViewController.swift */; };
		CC4CD7D221AB3E1500401DE1 /* ExampleNavigationController.swift in Sources */ = {isa = PBXBuildFile; fileRef = CC4CD7D121AB3E1500401DE1 /* ExampleNavigationController.swift */; };
		CC4CD7D821AB4C5E00401DE1 /* CategoryViewController.swift in Sources */ = {isa = PBXBuildFile; fileRef = CC4CD7D721AB4C5E00401DE1 /* CategoryViewController.swift */; };
		CC4CD7DA21AB4C9800401DE1 /* ItemViewController.swift in Sources */ = {isa = PBXBuildFile; fileRef = CC4CD7D921AB4C9800401DE1 /* ItemViewController.swift */; };
		CCA41EED21D1AF2E0053554B /* ContainerViewController.swift in Sources */ = {isa = PBXBuildFile; fileRef = CCA41EEC21D1AF2E0053554B /* ContainerViewController.swift */; };
		CCA41EEF21D2DB410053554B /* TestViewController.swift in Sources */ = {isa = PBXBuildFile; fileRef = CCA41EEE21D2DB410053554B /* TestViewController.swift */; };
/* End PBXBuildFile section */

/* Begin PBXFileReference section */
		1B20DD016D6BCE0753250BC4 /* Pods-RecordNote.debug.xcconfig */ = {isa = PBXFileReference; includeInIndex = 1; lastKnownFileType = text.xcconfig; name = "Pods-RecordNote.debug.xcconfig"; path = "Pods/Target Support Files/Pods-RecordNote/Pods-RecordNote.debug.xcconfig"; sourceTree = "<group>"; };
		99275DEC40D85B49CCD70E29 /* Pods-RecordNote.release.xcconfig */ = {isa = PBXFileReference; includeInIndex = 1; lastKnownFileType = text.xcconfig; name = "Pods-RecordNote.release.xcconfig"; path = "Pods/Target Support Files/Pods-RecordNote/Pods-RecordNote.release.xcconfig"; sourceTree = "<group>"; };
		A4FE0D4A231DE424D99399D9 /* Pods_RecordNote.framework */ = {isa = PBXFileReference; explicitFileType = wrapper.framework; includeInIndex = 0; path = Pods_RecordNote.framework; sourceTree = BUILT_PRODUCTS_DIR; };
		CC22F21E21B925B100E9D9CB /* TextViewController.swift */ = {isa = PBXFileReference; lastKnownFileType = sourcecode.swift; path = TextViewController.swift; sourceTree = "<group>"; };
		CC22F22221B927CF00E9D9CB /* ToDoTableViewController.swift */ = {isa = PBXFileReference; lastKnownFileType = sourcecode.swift; path = ToDoTableViewController.swift; sourceTree = "<group>"; };
		CC22F22421B9286100E9D9CB /* SettingViewController.swift */ = {isa = PBXFileReference; lastKnownFileType = sourcecode.swift; path = SettingViewController.swift; sourceTree = "<group>"; };
		CC22F22621B92DF500E9D9CB /* AudioViewController.swift */ = {isa = PBXFileReference; lastKnownFileType = sourcecode.swift; path = AudioViewController.swift; sourceTree = "<group>"; };
		CC4CD7A421AB3C6700401DE1 /* RecordNote.app */ = {isa = PBXFileReference; explicitFileType = wrapper.application; includeInIndex = 0; path = RecordNote.app; sourceTree = BUILT_PRODUCTS_DIR; };
		CC4CD7A721AB3C6700401DE1 /* AppDelegate.swift */ = {isa = PBXFileReference; lastKnownFileType = sourcecode.swift; path = AppDelegate.swift; sourceTree = "<group>"; };
		CC4CD7A921AB3C6700401DE1 /* ViewController.swift */ = {isa = PBXFileReference; lastKnownFileType = sourcecode.swift; path = ViewController.swift; sourceTree = "<group>"; };
		CC4CD7AC21AB3C6700401DE1 /* Base */ = {isa = PBXFileReference; lastKnownFileType = file.storyboard; name = Base; path = Base.lproj/Main.storyboard; sourceTree = "<group>"; };
		CC4CD7AF21AB3C6700401DE1 /* RecordNote.xcdatamodel */ = {isa = PBXFileReference; lastKnownFileType = wrapper.xcdatamodel; path = RecordNote.xcdatamodel; sourceTree = "<group>"; };
		CC4CD7B121AB3C6800401DE1 /* Assets.xcassets */ = {isa = PBXFileReference; lastKnownFileType = folder.assetcatalog; path = Assets.xcassets; sourceTree = "<group>"; };
		CC4CD7B421AB3C6800401DE1 /* Base */ = {isa = PBXFileReference; lastKnownFileType = file.storyboard; name = Base; path = Base.lproj/LaunchScreen.storyboard; sourceTree = "<group>"; };
		CC4CD7B621AB3C6800401DE1 /* Info.plist */ = {isa = PBXFileReference; lastKnownFileType = text.plist.xml; path = Info.plist; sourceTree = "<group>"; };
		CC4CD7BE21AB3D4400401DE1 /* pop.framework */ = {isa = PBXFileReference; lastKnownFileType = wrapper.framework; name = pop.framework; path = "../../Downloads/ESTabBarController-master 2/ESTabBarControllerExample/ESTabBarControllerExample/Framework/pop.framework"; sourceTree = "<group>"; };
		CC4CD7C121AB3D7300401DE1 /* ExampleBackgroundContentView.swift */ = {isa = PBXFileReference; fileEncoding = 4; lastKnownFileType = sourcecode.swift; path = ExampleBackgroundContentView.swift; sourceTree = "<group>"; };
		CC4CD7C221AB3D7300401DE1 /* ExampleBouncesContentView.swift */ = {isa = PBXFileReference; fileEncoding = 4; lastKnownFileType = sourcecode.swift; path = ExampleBouncesContentView.swift; sourceTree = "<group>"; };
		CC4CD7C321AB3D7300401DE1 /* ExampleAnimateTipsContentView.swift */ = {isa = PBXFileReference; fileEncoding = 4; lastKnownFileType = sourcecode.swift; path = ExampleAnimateTipsContentView.swift; sourceTree = "<group>"; };
		CC4CD7C421AB3D7300401DE1 /* ExampleBasicContentView.swift */ = {isa = PBXFileReference; fileEncoding = 4; lastKnownFileType = sourcecode.swift; path = ExampleBasicContentView.swift; sourceTree = "<group>"; };
		CC4CD7C521AB3D7300401DE1 /* ExampleHighlightableContentView.swift */ = {isa = PBXFileReference; fileEncoding = 4; lastKnownFileType = sourcecode.swift; path = ExampleHighlightableContentView.swift; sourceTree = "<group>"; };
		CC4CD7C621AB3D7300401DE1 /* ExampleTipsContentView.swift */ = {isa = PBXFileReference; fileEncoding = 4; lastKnownFileType = sourcecode.swift; path = ExampleTipsContentView.swift; sourceTree = "<group>"; };
		CC4CD7C721AB3D7300401DE1 /* ExampleIrregularityContentView.swift */ = {isa = PBXFileReference; fileEncoding = 4; lastKnownFileType = sourcecode.swift; path = ExampleIrregularityContentView.swift; sourceTree = "<group>"; };
		CC4CD7CF21AB3DF200401DE1 /* ExampleViewController.swift */ = {isa = PBXFileReference; lastKnownFileType = sourcecode.swift; path = ExampleViewController.swift; sourceTree = "<group>"; };
		CC4CD7D121AB3E1500401DE1 /* ExampleNavigationController.swift */ = {isa = PBXFileReference; lastKnownFileType = sourcecode.swift; path = ExampleNavigationController.swift; sourceTree = "<group>"; };
		CC4CD7D721AB4C5E00401DE1 /* CategoryViewController.swift */ = {isa = PBXFileReference; lastKnownFileType = sourcecode.swift; path = CategoryViewController.swift; sourceTree = "<group>"; };
		CC4CD7D921AB4C9800401DE1 /* ItemViewController.swift */ = {isa = PBXFileReference; lastKnownFileType = sourcecode.swift; path = ItemViewController.swift; sourceTree = "<group>"; };
		CCA41EEC21D1AF2E0053554B /* ContainerViewController.swift */ = {isa = PBXFileReference; lastKnownFileType = sourcecode.swift; path = ContainerViewController.swift; sourceTree = "<group>"; };
		CCA41EEE21D2DB410053554B /* TestViewController.swift */ = {isa = PBXFileReference; lastKnownFileType = sourcecode.swift; path = TestViewController.swift; sourceTree = "<group>"; };
/* End PBXFileReference section */

/* Begin PBXFrameworksBuildPhase section */
		CC4CD7A121AB3C6700401DE1 /* Frameworks */ = {
			isa = PBXFrameworksBuildPhase;
			buildActionMask = 2147483647;
			files = (
				CC4CD7BF21AB3D4400401DE1 /* pop.framework in Frameworks */,
				2AE030B3D67D8D143EFCF535 /* Pods_RecordNote.framework in Frameworks */,
			);
			runOnlyForDeploymentPostprocessing = 0;
		};
/* End PBXFrameworksBuildPhase section */

/* Begin PBXGroup section */
		028BCF4BCDCFC8264CD39061 /* Pods */ = {
			isa = PBXGroup;
			children = (
				1B20DD016D6BCE0753250BC4 /* Pods-RecordNote.debug.xcconfig */,
				99275DEC40D85B49CCD70E29 /* Pods-RecordNote.release.xcconfig */,
			);
			name = Pods;
			sourceTree = "<group>";
		};
		1F99740E77CDBB4CCC8A4030 /* Frameworks */ = {
			isa = PBXGroup;
			children = (
				CC4CD7BE21AB3D4400401DE1 /* pop.framework */,
				A4FE0D4A231DE424D99399D9 /* Pods_RecordNote.framework */,
			);
			name = Frameworks;
			sourceTree = "<group>";
		};
		CC4CD79B21AB3C6700401DE1 = {
			isa = PBXGroup;
			children = (
				CC4CD7A621AB3C6700401DE1 /* RecordNote */,
				CC4CD7A521AB3C6700401DE1 /* Products */,
				028BCF4BCDCFC8264CD39061 /* Pods */,
				1F99740E77CDBB4CCC8A4030 /* Frameworks */,
			);
			sourceTree = "<group>";
		};
		CC4CD7A521AB3C6700401DE1 /* Products */ = {
			isa = PBXGroup;
			children = (
				CC4CD7A421AB3C6700401DE1 /* RecordNote.app */,
			);
			name = Products;
			sourceTree = "<group>";
		};
		CC4CD7A621AB3C6700401DE1 /* RecordNote */ = {
			isa = PBXGroup;
			children = (
				CC4CD7C021AB3D7300401DE1 /* Content */,
				CC4CD7A721AB3C6700401DE1 /* AppDelegate.swift */,
				CC4CD7D321AB4BDF00401DE1 /* Controllers */,
				CC4CD7D421AB4BFA00401DE1 /* Views */,
				CC4CD7D621AB4C2500401DE1 /* Supporting files */,
				CC4CD7B621AB3C6800401DE1 /* Info.plist */,
				CC4CD7D521AB4C1B00401DE1 /* Data Model */,
			);
			path = RecordNote;
			sourceTree = "<group>";
		};
		CC4CD7C021AB3D7300401DE1 /* Content */ = {
			isa = PBXGroup;
			children = (
				CC4CD7C121AB3D7300401DE1 /* ExampleBackgroundContentView.swift */,
				CC4CD7C221AB3D7300401DE1 /* ExampleBouncesContentView.swift */,
				CC4CD7C321AB3D7300401DE1 /* ExampleAnimateTipsContentView.swift */,
				CC4CD7C421AB3D7300401DE1 /* ExampleBasicContentView.swift */,
				CC4CD7C521AB3D7300401DE1 /* ExampleHighlightableContentView.swift */,
				CC4CD7C621AB3D7300401DE1 /* ExampleTipsContentView.swift */,
				CC4CD7C721AB3D7300401DE1 /* ExampleIrregularityContentView.swift */,
			);
			path = Content;
			sourceTree = "<group>";
		};
		CC4CD7D321AB4BDF00401DE1 /* Controllers */ = {
			isa = PBXGroup;
			children = (
				CC4CD7A921AB3C6700401DE1 /* ViewController.swift */,
				CC4CD7CF21AB3DF200401DE1 /* ExampleViewController.swift */,
				CC4CD7D121AB3E1500401DE1 /* ExampleNavigationController.swift */,
				CC4CD7D721AB4C5E00401DE1 /* CategoryViewController.swift */,
				CC4CD7D921AB4C9800401DE1 /* ItemViewController.swift */,
				CC22F22621B92DF500E9D9CB /* AudioViewController.swift */,
				CCA41EEE21D2DB410053554B /* TestViewController.swift */,
				CC22F21E21B925B100E9D9CB /* TextViewController.swift */,
				CCA41EEC21D1AF2E0053554B /* ContainerViewController.swift */,
				CC22F22221B927CF00E9D9CB /* ToDoTableViewController.swift */,
				CC22F22421B9286100E9D9CB /* SettingViewController.swift */,
			);
			path = Controllers;
			sourceTree = "<group>";
		};
		CC4CD7D421AB4BFA00401DE1 /* Views */ = {
			isa = PBXGroup;
			children = (
				CC4CD7AB21AB3C6700401DE1 /* Main.storyboard */,
			);
			path = Views;
			sourceTree = "<group>";
		};
		CC4CD7D521AB4C1B00401DE1 /* Data Model */ = {
			isa = PBXGroup;
			children = (
				CC4CD7AE21AB3C6700401DE1 /* DataModel.xcdatamodeld */,
			);
			path = "Data Model";
			sourceTree = "<group>";
		};
		CC4CD7D621AB4C2500401DE1 /* Supporting files */ = {
			isa = PBXGroup;
			children = (
				CC4CD7B121AB3C6800401DE1 /* Assets.xcassets */,
				CC4CD7B321AB3C6800401DE1 /* LaunchScreen.storyboard */,
			);
			path = "Supporting files";
			sourceTree = "<group>";
		};
/* End PBXGroup section */

/* Begin PBXNativeTarget section */
		CC4CD7A321AB3C6700401DE1 /* RecordNote */ = {
			isa = PBXNativeTarget;
			buildConfigurationList = CC4CD7B921AB3C6800401DE1 /* Build configuration list for PBXNativeTarget "RecordNote" */;
			buildPhases = (
				B9C160D1E3DA88CD24E21D47 /* [CP] Check Pods Manifest.lock */,
				CC4CD7A021AB3C6700401DE1 /* Sources */,
				CC4CD7A121AB3C6700401DE1 /* Frameworks */,
				CC4CD7A221AB3C6700401DE1 /* Resources */,
				EC8656FFC75D756449B285C8 /* [CP] Embed Pods Frameworks */,
			);
			buildRules = (
			);
			dependencies = (
			);
			name = RecordNote;
			productName = RecordNote;
			productReference = CC4CD7A421AB3C6700401DE1 /* RecordNote.app */;
			productType = "com.apple.product-type.application";
		};
/* End PBXNativeTarget section */

/* Begin PBXProject section */
		CC4CD79C21AB3C6700401DE1 /* Project object */ = {
			isa = PBXProject;
			attributes = {
				LastSwiftUpdateCheck = 1010;
				LastUpgradeCheck = 1010;
				ORGANIZATIONNAME = "coco j";
				TargetAttributes = {
					CC4CD7A321AB3C6700401DE1 = {
						CreatedOnToolsVersion = 10.1;
					};
				};
			};
			buildConfigurationList = CC4CD79F21AB3C6700401DE1 /* Build configuration list for PBXProject "RecordNote" */;
			compatibilityVersion = "Xcode 9.3";
			developmentRegion = en;
			hasScannedForEncodings = 0;
			knownRegions = (
				en,
				Base,
			);
			mainGroup = CC4CD79B21AB3C6700401DE1;
			productRefGroup = CC4CD7A521AB3C6700401DE1 /* Products */;
			projectDirPath = "";
			projectRoot = "";
			targets = (
				CC4CD7A321AB3C6700401DE1 /* RecordNote */,
			);
		};
/* End PBXProject section */

/* Begin PBXResourcesBuildPhase section */
		CC4CD7A221AB3C6700401DE1 /* Resources */ = {
			isa = PBXResourcesBuildPhase;
			buildActionMask = 2147483647;
			files = (
				CC4CD7B521AB3C6800401DE1 /* LaunchScreen.storyboard in Resources */,
				CC4CD7B221AB3C6800401DE1 /* Assets.xcassets in Resources */,
				CC4CD7AD21AB3C6700401DE1 /* Main.storyboard in Resources */,
			);
			runOnlyForDeploymentPostprocessing = 0;
		};
/* End PBXResourcesBuildPhase section */

/* Begin PBXShellScriptBuildPhase section */
		B9C160D1E3DA88CD24E21D47 /* [CP] Check Pods Manifest.lock */ = {
			isa = PBXShellScriptBuildPhase;
			buildActionMask = 2147483647;
			files = (
			);
			inputFileListPaths = (
			);
			inputPaths = (
				"${PODS_PODFILE_DIR_PATH}/Podfile.lock",
				"${PODS_ROOT}/Manifest.lock",
			);
			name = "[CP] Check Pods Manifest.lock";
			outputFileListPaths = (
			);
			outputPaths = (
				"$(DERIVED_FILE_DIR)/Pods-RecordNote-checkManifestLockResult.txt",
			);
			runOnlyForDeploymentPostprocessing = 0;
			shellPath = /bin/sh;
			shellScript = "diff \"${PODS_PODFILE_DIR_PATH}/Podfile.lock\" \"${PODS_ROOT}/Manifest.lock\" > /dev/null\nif [ $? != 0 ] ; then\n    # print error to STDERR\n    echo \"error: The sandbox is not in sync with the Podfile.lock. Run 'pod install' or update your CocoaPods installation.\" >&2\n    exit 1\nfi\n# This output is used by Xcode 'outputs' to avoid re-running this script phase.\necho \"SUCCESS\" > \"${SCRIPT_OUTPUT_FILE_0}\"\n";
			showEnvVarsInLog = 0;
		};
		EC8656FFC75D756449B285C8 /* [CP] Embed Pods Frameworks */ = {
			isa = PBXShellScriptBuildPhase;
			buildActionMask = 2147483647;
			files = (
			);
			inputFileListPaths = (
			);
			inputPaths = (
				"${SRCROOT}/Pods/Target Support Files/Pods-RecordNote/Pods-RecordNote-frameworks.sh",
				"${BUILT_PRODUCTS_DIR}/ESTabBarController-swift/ESTabBarController_swift.framework",
				"${BUILT_PRODUCTS_DIR}/FontAwesome.swift/FontAwesome_swift.framework",
				"${BUILT_PRODUCTS_DIR}/MDFInternationalization/MDFInternationalization.framework",
				"${BUILT_PRODUCTS_DIR}/MDFTextAccessibility/MDFTextAccessibility.framework",
				"${BUILT_PRODUCTS_DIR}/MaterialComponents/MaterialComponents.framework",
				"${BUILT_PRODUCTS_DIR}/MotionAnimator/MotionAnimator.framework",
				"${BUILT_PRODUCTS_DIR}/MotionInterchange/MotionInterchange.framework",
				"${BUILT_PRODUCTS_DIR}/MotionTransitioning/MotionTransitioning.framework",
				"${BUILT_PRODUCTS_DIR}/pop/pop.framework",
			);
			name = "[CP] Embed Pods Frameworks";
			outputFileListPaths = (
			);
			outputPaths = (
				"${TARGET_BUILD_DIR}/${FRAMEWORKS_FOLDER_PATH}/ESTabBarController_swift.framework",
				"${TARGET_BUILD_DIR}/${FRAMEWORKS_FOLDER_PATH}/FontAwesome_swift.framework",
				"${TARGET_BUILD_DIR}/${FRAMEWORKS_FOLDER_PATH}/MDFInternationalization.framework",
				"${TARGET_BUILD_DIR}/${FRAMEWORKS_FOLDER_PATH}/MDFTextAccessibility.framework",
				"${TARGET_BUILD_DIR}/${FRAMEWORKS_FOLDER_PATH}/MaterialComponents.framework",
				"${TARGET_BUILD_DIR}/${FRAMEWORKS_FOLDER_PATH}/MotionAnimator.framework",
				"${TARGET_BUILD_DIR}/${FRAMEWORKS_FOLDER_PATH}/MotionInterchange.framework",
				"${TARGET_BUILD_DIR}/${FRAMEWORKS_FOLDER_PATH}/MotionTransitioning.framework",
				"${TARGET_BUILD_DIR}/${FRAMEWORKS_FOLDER_PATH}/pop.framework",
			);
			runOnlyForDeploymentPostprocessing = 0;
			shellPath = /bin/sh;
			shellScript = "\"${SRCROOT}/Pods/Target Support Files/Pods-RecordNote/Pods-RecordNote-frameworks.sh\"\n";
			showEnvVarsInLog = 0;
		};
/* End PBXShellScriptBuildPhase section */

/* Begin PBXSourcesBuildPhase section */
		CC4CD7A021AB3C6700401DE1 /* Sources */ = {
			isa = PBXSourcesBuildPhase;
			buildActionMask = 2147483647;
			files = (
				CC4CD7D021AB3DF200401DE1 /* ExampleViewController.swift in Sources */,
				CC22F22321B927CF00E9D9CB /* ToDoTableViewController.swift in Sources */,
				CC4CD7CB21AB3D7300401DE1 /* ExampleBasicContentView.swift in Sources */,
				CC4CD7AA21AB3C6700401DE1 /* ViewController.swift in Sources */,
				CC4CD7CA21AB3D7300401DE1 /* ExampleAnimateTipsContentView.swift in Sources */,
				CC22F22721B92DF500E9D9CB /* AudioViewController.swift in Sources */,
				CC4CD7D221AB3E1500401DE1 /* ExampleNavigationController.swift in Sources */,
				CC4CD7A821AB3C6700401DE1 /* AppDelegate.swift in Sources */,
				CC22F21F21B925B100E9D9CB /* TextViewController.swift in Sources */,
				CC4CD7CE21AB3D7300401DE1 /* ExampleIrregularityContentView.swift in Sources */,
				CCA41EEF21D2DB410053554B /* TestViewController.swift in Sources */,
				CC4CD7DA21AB4C9800401DE1 /* ItemViewController.swift in Sources */,
				CC4CD7B021AB3C6700401DE1 /* DataModel.xcdatamodeld in Sources */,
				CCA41EED21D1AF2E0053554B /* ContainerViewController.swift in Sources */,
				CC4CD7C821AB3D7300401DE1 /* ExampleBackgroundContentView.swift in Sources */,
				CC4CD7CC21AB3D7300401DE1 /* ExampleHighlightableContentView.swift in Sources */,
				CC4CD7D821AB4C5E00401DE1 /* CategoryViewController.swift in Sources */,
				CC22F22521B9286100E9D9CB /* SettingViewController.swift in Sources */,
				CC4CD7CD21AB3D7300401DE1 /* ExampleTipsContentView.swift in Sources */,
				CC4CD7C921AB3D7300401DE1 /* ExampleBouncesContentView.swift in Sources */,
			);
			runOnlyForDeploymentPostprocessing = 0;
		};
/* End PBXSourcesBuildPhase section */

/* Begin PBXVariantGroup section */
		CC4CD7AB21AB3C6700401DE1 /* Main.storyboard */ = {
			isa = PBXVariantGroup;
			children = (
				CC4CD7AC21AB3C6700401DE1 /* Base */,
			);
			name = Main.storyboard;
			sourceTree = "<group>";
		};
		CC4CD7B321AB3C6800401DE1 /* LaunchScreen.storyboard */ = {
			isa = PBXVariantGroup;
			children = (
				CC4CD7B421AB3C6800401DE1 /* Base */,
			);
			name = LaunchScreen.storyboard;
			sourceTree = "<group>";
		};
/* End PBXVariantGroup section */

/* Begin XCBuildConfiguration section */
		CC4CD7B721AB3C6800401DE1 /* Debug */ = {
			isa = XCBuildConfiguration;
			buildSettings = {
				ALWAYS_SEARCH_USER_PATHS = NO;
				CLANG_ANALYZER_NONNULL = YES;
				CLANG_ANALYZER_NUMBER_OBJECT_CONVERSION = YES_AGGRESSIVE;
				CLANG_CXX_LANGUAGE_STANDARD = "gnu++14";
				CLANG_CXX_LIBRARY = "libc++";
				CLANG_ENABLE_MODULES = YES;
				CLANG_ENABLE_OBJC_ARC = YES;
				CLANG_ENABLE_OBJC_WEAK = YES;
				CLANG_WARN_BLOCK_CAPTURE_AUTORELEASING = YES;
				CLANG_WARN_BOOL_CONVERSION = YES;
				CLANG_WARN_COMMA = YES;
				CLANG_WARN_CONSTANT_CONVERSION = YES;
				CLANG_WARN_DEPRECATED_OBJC_IMPLEMENTATIONS = YES;
				CLANG_WARN_DIRECT_OBJC_ISA_USAGE = YES_ERROR;
				CLANG_WARN_DOCUMENTATION_COMMENTS = YES;
				CLANG_WARN_EMPTY_BODY = YES;
				CLANG_WARN_ENUM_CONVERSION = YES;
				CLANG_WARN_INFINITE_RECURSION = YES;
				CLANG_WARN_INT_CONVERSION = YES;
				CLANG_WARN_NON_LITERAL_NULL_CONVERSION = YES;
				CLANG_WARN_OBJC_IMPLICIT_RETAIN_SELF = YES;
				CLANG_WARN_OBJC_LITERAL_CONVERSION = YES;
				CLANG_WARN_OBJC_ROOT_CLASS = YES_ERROR;
				CLANG_WARN_RANGE_LOOP_ANALYSIS = YES;
				CLANG_WARN_STRICT_PROTOTYPES = YES;
				CLANG_WARN_SUSPICIOUS_MOVE = YES;
				CLANG_WARN_UNGUARDED_AVAILABILITY = YES_AGGRESSIVE;
				CLANG_WARN_UNREACHABLE_CODE = YES;
				CLANG_WARN__DUPLICATE_METHOD_MATCH = YES;
				CODE_SIGN_IDENTITY = "iPhone Developer";
				COPY_PHASE_STRIP = NO;
				DEBUG_INFORMATION_FORMAT = dwarf;
				ENABLE_STRICT_OBJC_MSGSEND = YES;
				ENABLE_TESTABILITY = YES;
				GCC_C_LANGUAGE_STANDARD = gnu11;
				GCC_DYNAMIC_NO_PIC = NO;
				GCC_NO_COMMON_BLOCKS = YES;
				GCC_OPTIMIZATION_LEVEL = 0;
				GCC_PREPROCESSOR_DEFINITIONS = (
					"DEBUG=1",
					"$(inherited)",
				);
				GCC_WARN_64_TO_32_BIT_CONVERSION = YES;
				GCC_WARN_ABOUT_RETURN_TYPE = YES_ERROR;
				GCC_WARN_UNDECLARED_SELECTOR = YES;
				GCC_WARN_UNINITIALIZED_AUTOS = YES_AGGRESSIVE;
				GCC_WARN_UNUSED_FUNCTION = YES;
				GCC_WARN_UNUSED_VARIABLE = YES;
				IPHONEOS_DEPLOYMENT_TARGET = 12.1;
				MTL_ENABLE_DEBUG_INFO = INCLUDE_SOURCE;
				MTL_FAST_MATH = YES;
				ONLY_ACTIVE_ARCH = YES;
				SDKROOT = iphoneos;
				SWIFT_ACTIVE_COMPILATION_CONDITIONS = DEBUG;
				SWIFT_OPTIMIZATION_LEVEL = "-Onone";
			};
			name = Debug;
		};
		CC4CD7B821AB3C6800401DE1 /* Release */ = {
			isa = XCBuildConfiguration;
			buildSettings = {
				ALWAYS_SEARCH_USER_PATHS = NO;
				CLANG_ANALYZER_NONNULL = YES;
				CLANG_ANALYZER_NUMBER_OBJECT_CONVERSION = YES_AGGRESSIVE;
				CLANG_CXX_LANGUAGE_STANDARD = "gnu++14";
				CLANG_CXX_LIBRARY = "libc++";
				CLANG_ENABLE_MODULES = YES;
				CLANG_ENABLE_OBJC_ARC = YES;
				CLANG_ENABLE_OBJC_WEAK = YES;
				CLANG_WARN_BLOCK_CAPTURE_AUTORELEASING = YES;
				CLANG_WARN_BOOL_CONVERSION = YES;
				CLANG_WARN_COMMA = YES;
				CLANG_WARN_CONSTANT_CONVERSION = YES;
				CLANG_WARN_DEPRECATED_OBJC_IMPLEMENTATIONS = YES;
				CLANG_WARN_DIRECT_OBJC_ISA_USAGE = YES_ERROR;
				CLANG_WARN_DOCUMENTATION_COMMENTS = YES;
				CLANG_WARN_EMPTY_BODY = YES;
				CLANG_WARN_ENUM_CONVERSION = YES;
				CLANG_WARN_INFINITE_RECURSION = YES;
				CLANG_WARN_INT_CONVERSION = YES;
				CLANG_WARN_NON_LITERAL_NULL_CONVERSION = YES;
				CLANG_WARN_OBJC_IMPLICIT_RETAIN_SELF = YES;
				CLANG_WARN_OBJC_LITERAL_CONVERSION = YES;
				CLANG_WARN_OBJC_ROOT_CLASS = YES_ERROR;
				CLANG_WARN_RANGE_LOOP_ANALYSIS = YES;
				CLANG_WARN_STRICT_PROTOTYPES = YES;
				CLANG_WARN_SUSPICIOUS_MOVE = YES;
				CLANG_WARN_UNGUARDED_AVAILABILITY = YES_AGGRESSIVE;
				CLANG_WARN_UNREACHABLE_CODE = YES;
				CLANG_WARN__DUPLICATE_METHOD_MATCH = YES;
				CODE_SIGN_IDENTITY = "iPhone Developer";
				COPY_PHASE_STRIP = NO;
				DEBUG_INFORMATION_FORMAT = "dwarf-with-dsym";
				ENABLE_NS_ASSERTIONS = NO;
				ENABLE_STRICT_OBJC_MSGSEND = YES;
				GCC_C_LANGUAGE_STANDARD = gnu11;
				GCC_NO_COMMON_BLOCKS = YES;
				GCC_WARN_64_TO_32_BIT_CONVERSION = YES;
				GCC_WARN_ABOUT_RETURN_TYPE = YES_ERROR;
				GCC_WARN_UNDECLARED_SELECTOR = YES;
				GCC_WARN_UNINITIALIZED_AUTOS = YES_AGGRESSIVE;
				GCC_WARN_UNUSED_FUNCTION = YES;
				GCC_WARN_UNUSED_VARIABLE = YES;
				IPHONEOS_DEPLOYMENT_TARGET = 12.1;
				MTL_ENABLE_DEBUG_INFO = NO;
				MTL_FAST_MATH = YES;
				SDKROOT = iphoneos;
				SWIFT_COMPILATION_MODE = wholemodule;
				SWIFT_OPTIMIZATION_LEVEL = "-O";
				VALIDATE_PRODUCT = YES;
			};
			name = Release;
		};
		CC4CD7BA21AB3C6800401DE1 /* Debug */ = {
			isa = XCBuildConfiguration;
			baseConfigurationReference = 1B20DD016D6BCE0753250BC4 /* Pods-RecordNote.debug.xcconfig */;
			buildSettings = {
				ASSETCATALOG_COMPILER_APPICON_NAME = AppIcon;
				CODE_SIGN_STYLE = Automatic;
				DEVELOPMENT_TEAM = 523WDM2D3U;
				INFOPLIST_FILE = RecordNote/Info.plist;
				IPHONEOS_DEPLOYMENT_TARGET = 11.4;
				LD_RUNPATH_SEARCH_PATHS = (
					"$(inherited)",
					"@executable_path/Frameworks",
				);
				PRODUCT_BUNDLE_IDENTIFIER = net.amaocha.RecordNote;
				PRODUCT_NAME = "$(TARGET_NAME)";
				SWIFT_VERSION = 4.2;
				TARGETED_DEVICE_FAMILY = "1,2";
			};
			name = Debug;
		};
		CC4CD7BB21AB3C6800401DE1 /* Release */ = {
			isa = XCBuildConfiguration;
			baseConfigurationReference = 99275DEC40D85B49CCD70E29 /* Pods-RecordNote.release.xcconfig */;
			buildSettings = {
				ASSETCATALOG_COMPILER_APPICON_NAME = AppIcon;
				CODE_SIGN_STYLE = Automatic;
				DEVELOPMENT_TEAM = 523WDM2D3U;
				INFOPLIST_FILE = RecordNote/Info.plist;
				IPHONEOS_DEPLOYMENT_TARGET = 11.4;
				LD_RUNPATH_SEARCH_PATHS = (
					"$(inherited)",
					"@executable_path/Frameworks",
				);
				PRODUCT_BUNDLE_IDENTIFIER = net.amaocha.RecordNote;
				PRODUCT_NAME = "$(TARGET_NAME)";
				SWIFT_VERSION = 4.2;
				TARGETED_DEVICE_FAMILY = "1,2";
			};
			name = Release;
		};
/* End XCBuildConfiguration section */

/* Begin XCConfigurationList section */
		CC4CD79F21AB3C6700401DE1 /* Build configuration list for PBXProject "RecordNote" */ = {
			isa = XCConfigurationList;
			buildConfigurations = (
				CC4CD7B721AB3C6800401DE1 /* Debug */,
				CC4CD7B821AB3C6800401DE1 /* Release */,
			);
			defaultConfigurationIsVisible = 0;
			defaultConfigurationName = Release;
		};
		CC4CD7B921AB3C6800401DE1 /* Build configuration list for PBXNativeTarget "RecordNote" */ = {
			isa = XCConfigurationList;
			buildConfigurations = (
				CC4CD7BA21AB3C6800401DE1 /* Debug */,
				CC4CD7BB21AB3C6800401DE1 /* Release */,
			);
			defaultConfigurationIsVisible = 0;
			defaultConfigurationName = Release;
		};
/* End XCConfigurationList section */

/* Begin XCVersionGroup section */
		CC4CD7AE21AB3C6700401DE1 /* DataModel.xcdatamodeld */ = {
			isa = XCVersionGroup;
			children = (
				CC4CD7AF21AB3C6700401DE1 /* RecordNote.xcdatamodel */,
			);
			currentVersion = CC4CD7AF21AB3C6700401DE1 /* RecordNote.xcdatamodel */;
			path = DataModel.xcdatamodeld;
			sourceTree = "<group>";
			versionGroupType = wrapper.xcdatamodel;
		};
/* End XCVersionGroup section */
	};
	rootObject = CC4CD79C21AB3C6700401DE1 /* Project object */;
}
